
Microsoft Visual Studio Solution File, Format Version 12.00
# Visual Studio Version 17
VisualStudioVersion = 17.8.34322.80
MinimumVisualStudioVersion = 10.0.40219.1
Project("{FAE04EC0-301F-11D3-BF4B-00C04F79EFBC}") = "KutuphaneYonetim", "KutuphaneYonetim.csproj", "{29AFE424-5703-4E82-B3A8-910098D681AA}"
EndProject
Global
	GlobalSection(SolutionConfigurationPlatforms) = preSolution
		Debug|Any CPU = Debug|Any CPU
		Release|Any CPU = Release|Any CPU
	EndGlobalSection
	GlobalSection(ProjectConfigurationPlatforms) = postSolution
		{29AFE424-5703-4E82-B3A8-910098D681AA}.Debug|Any CPU.ActiveCfg = Debug|Any CPU
		{29AFE424-5703-4E82-B3A8-910098D681AA}.Debug|Any CPU.Build.0 = Debug|Any CPU
		{29AFE424-5703-4E82-B3A8-910098D681AA}.Release|Any CPU.ActiveCfg = Release|Any CPU
		{29AFE424-5703-4E82-B3A8-910098D681AA}.Release|Any CPU.Build.0 = Release|Any CPU
	EndGlobalSection
	GlobalSection(SolutionProperties) = preSolution
		HideSolutionNode = FALSE
	EndGlobalSection
	GlobalSection(ExtensibilityGlobals) = postSolution
		SolutionGuid = {1C3538B4-7CC3-4FEC-925A-5F0FD29BEDB9}
	EndGlobalSection
EndGlobal
